
Microsoft Visual Studio Solution File, Format Version 12.00
# Visual Studio Version 17
VisualStudioVersion = 17.11.35327.3
MinimumVisualStudioVersion = 10.0.40219.1
Project("{FAE04EC0-301F-11D3-BF4B-00C04F79EFBC}") = "EC2_Test.Server", "EC2_Test.Server\EC2_Test.Server.csproj", "{7CA1FB5C-2977-414E-BC95-EF45E034891B}"
EndProject
Project("{54A90642-561A-4BB1-A94E-469ADEE60C69}") = "ec2_test.client", "ec2_test.client\ec2_test.client.esproj", "{A848622A-5307-442E-BCA8-71D2C25FE1AB}"
EndProject
Global
	GlobalSection(SolutionConfigurationPlatforms) = preSolution
		Debug|Any CPU = Debug|Any CPU
		Release|Any CPU = Release|Any CPU
	EndGlobalSection
	GlobalSection(ProjectConfigurationPlatforms) = postSolution
		{7CA1FB5C-2977-414E-BC95-EF45E034891B}.Debug|Any CPU.ActiveCfg = Debug|Any CPU
		{7CA1FB5C-2977-414E-BC95-EF45E034891B}.Debug|Any CPU.Build.0 = Debug|Any CPU
		{7CA1FB5C-2977-414E-BC95-EF45E034891B}.Release|Any CPU.ActiveCfg = Release|Any CPU
		{7CA1FB5C-2977-414E-BC95-EF45E034891B}.Release|Any CPU.Build.0 = Release|Any CPU
		{A848622A-5307-442E-BCA8-71D2C25FE1AB}.Debug|Any CPU.ActiveCfg = Debug|Any CPU
		{A848622A-5307-442E-BCA8-71D2C25FE1AB}.Debug|Any CPU.Build.0 = Debug|Any CPU
		{A848622A-5307-442E-BCA8-71D2C25FE1AB}.Debug|Any CPU.Deploy.0 = Debug|Any CPU
		{A848622A-5307-442E-BCA8-71D2C25FE1AB}.Release|Any CPU.ActiveCfg = Release|Any CPU
		{A848622A-5307-442E-BCA8-71D2C25FE1AB}.Release|Any CPU.Build.0 = Release|Any CPU
		{A848622A-5307-442E-BCA8-71D2C25FE1AB}.Release|Any CPU.Deploy.0 = Release|Any CPU
	EndGlobalSection
	GlobalSection(SolutionProperties) = preSolution
		HideSolutionNode = FALSE
	EndGlobalSection
	GlobalSection(ExtensibilityGlobals) = postSolution
		SolutionGuid = {A5B30BC3-78F8-4AAF-9245-1AFC435B31CD}
	EndGlobalSection
EndGlobal
